
Microsoft Visual Studio Solution File, Format Version 12.00
# Visual Studio 15
VisualStudioVersion = 15.0.27130.2027
MinimumVisualStudioVersion = 10.0.40219.1
Project("{FAE04EC0-301F-11D3-BF4B-00C04F79EFBC}") = "WebAppKinesis", "WebAppKinesis\WebAppKinesis.csproj", "{659D9C08-B7FA-4F1A-9D80-324F2CCC8FAD}"
EndProject
Global
	GlobalSection(SolutionConfigurationPlatforms) = preSolution
		Debug|Any CPU = Debug|Any CPU
		Release|Any CPU = Release|Any CPU
	EndGlobalSection
	GlobalSection(ProjectConfigurationPlatforms) = postSolution
		{659D9C08-B7FA-4F1A-9D80-324F2CCC8FAD}.Debug|Any CPU.ActiveCfg = Debug|Any CPU
		{659D9C08-B7FA-4F1A-9D80-324F2CCC8FAD}.Debug|Any CPU.Build.0 = Debug|Any CPU
		{659D9C08-B7FA-4F1A-9D80-324F2CCC8FAD}.Release|Any CPU.ActiveCfg = Release|Any CPU
		{659D9C08-B7FA-4F1A-9D80-324F2CCC8FAD}.Release|Any CPU.Build.0 = Release|Any CPU
	EndGlobalSection
	GlobalSection(SolutionProperties) = preSolution
		HideSolutionNode = FALSE
	EndGlobalSection
	GlobalSection(ExtensibilityGlobals) = postSolution
		SolutionGuid = {56FEE3AF-BCEC-4C60-95DA-1E594EBB8B73}
	EndGlobalSection
EndGlobal
